// !$*UTF8*$!
{
	archiveVersion = 1;
	classes = {
	};
	objectVersion = 50;
	objects = {

/* Begin PBXBuildFile section */
		780326D5249A02770071F499 /* Covid19_IN.h in Headers */ = {isa = PBXBuildFile; fileRef = 780326D3249A02770071F499 /* Covid19_IN.h */; settings = {ATTRIBUTES = (Public, ); }; };
		780326E2249A02BF0071F499 /* AppDelegate.swift in Sources */ = {isa = PBXBuildFile; fileRef = 780326E1249A02BF0071F499 /* AppDelegate.swift */; };
		780326E4249A02BF0071F499 /* SceneDelegate.swift in Sources */ = {isa = PBXBuildFile; fileRef = 780326E3249A02BF0071F499 /* SceneDelegate.swift */; };
		780326E6249A02BF0071F499 /* ViewController.swift in Sources */ = {isa = PBXBuildFile; fileRef = 780326E5249A02BF0071F499 /* ViewController.swift */; };
		780326E9249A02BF0071F499 /* Main.storyboard in Resources */ = {isa = PBXBuildFile; fileRef = 780326E7249A02BF0071F499 /* Main.storyboard */; };
		780326EB249A02C20071F499 /* Assets.xcassets in Resources */ = {isa = PBXBuildFile; fileRef = 780326EA249A02C20071F499 /* Assets.xcassets */; };
		780326EE249A02C20071F499 /* LaunchScreen.storyboard in Resources */ = {isa = PBXBuildFile; fileRef = 780326EC249A02C20071F499 /* LaunchScreen.storyboard */; };
/* End PBXBuildFile section */

/* Begin PBXFileReference section */
		780326D0249A02770071F499 /* Covid19_IN.framework */ = {isa = PBXFileReference; explicitFileType = wrapper.framework; includeInIndex = 0; path = Covid19_IN.framework; sourceTree = BUILT_PRODUCTS_DIR; };
		780326D3249A02770071F499 /* Covid19_IN.h */ = {isa = PBXFileReference; lastKnownFileType = sourcecode.c.h; path = Covid19_IN.h; sourceTree = "<group>"; };
		780326D4249A02770071F499 /* Info.plist */ = {isa = PBXFileReference; lastKnownFileType = text.plist.xml; path = Info.plist; sourceTree = "<group>"; };
		780326DF249A02BE0071F499 /* Covid19-INExamples.app */ = {isa = PBXFileReference; explicitFileType = wrapper.application; includeInIndex = 0; path = "Covid19-INExamples.app"; sourceTree = BUILT_PRODUCTS_DIR; };
		780326E1249A02BF0071F499 /* AppDelegate.swift */ = {isa = PBXFileReference; lastKnownFileType = sourcecode.swift; path = AppDelegate.swift; sourceTree = "<group>"; };
		780326E3249A02BF0071F499 /* SceneDelegate.swift */ = {isa = PBXFileReference; lastKnownFileType = sourcecode.swift; path = SceneDelegate.swift; sourceTree = "<group>"; };
		780326E5249A02BF0071F499 /* ViewController.swift */ = {isa = PBXFileReference; lastKnownFileType = sourcecode.swift; path = ViewController.swift; sourceTree = "<group>"; };
		780326E8249A02BF0071F499 /* Base */ = {isa = PBXFileReference; lastKnownFileType = file.storyboard; name = Base; path = Base.lproj/Main.storyboard; sourceTree = "<group>"; };
		780326EA249A02C20071F499 /* Assets.xcassets */ = {isa = PBXFileReference; lastKnownFileType = folder.assetcatalog; path = Assets.xcassets; sourceTree = "<group>"; };
		780326ED249A02C20071F499 /* Base */ = {isa = PBXFileReference; lastKnownFileType = file.storyboard; name = Base; path = Base.lproj/LaunchScreen.storyboard; sourceTree = "<group>"; };
		780326EF249A02C20071F499 /* Info.plist */ = {isa = PBXFileReference; lastKnownFileType = text.plist.xml; path = Info.plist; sourceTree = "<group>"; };
/* End PBXFileReference section */

/* Begin PBXFrameworksBuildPhase section */
		780326CD249A02770071F499 /* Frameworks */ = {
			isa = PBXFrameworksBuildPhase;
			buildActionMask = 2147483647;
			files = (
			);
			runOnlyForDeploymentPostprocessing = 0;
		};
		780326DC249A02BE0071F499 /* Frameworks */ = {
			isa = PBXFrameworksBuildPhase;
			buildActionMask = 2147483647;
			files = (
			);
			runOnlyForDeploymentPostprocessing = 0;
		};
/* End PBXFrameworksBuildPhase section */

/* Begin PBXGroup section */
		780326C6249A02770071F499 = {
			isa = PBXGroup;
			children = (
				780326D2249A02770071F499 /* Covid19-IN */,
				780326E0249A02BF0071F499 /* Covid19-INExamples */,
				780326D1249A02770071F499 /* Products */,
			);
			sourceTree = "<group>";
		};
		780326D1249A02770071F499 /* Products */ = {
			isa = PBXGroup;
			children = (
				780326D0249A02770071F499 /* Covid19_IN.framework */,
				780326DF249A02BE0071F499 /* Covid19-INExamples.app */,
			);
			name = Products;
			sourceTree = "<group>";
		};
		780326D2249A02770071F499 /* Covid19-IN */ = {
			isa = PBXGroup;
			children = (
				780326D3249A02770071F499 /* Covid19_IN.h */,
				780326D4249A02770071F499 /* Info.plist */,
			);
			path = "Covid19-IN";
			sourceTree = "<group>";
		};
		780326E0249A02BF0071F499 /* Covid19-INExamples */ = {
			isa = PBXGroup;
			children = (
				780326E1249A02BF0071F499 /* AppDelegate.swift */,
				780326E3249A02BF0071F499 /* SceneDelegate.swift */,
				780326E5249A02BF0071F499 /* ViewController.swift */,
				780326E7249A02BF0071F499 /* Main.storyboard */,
				780326EA249A02C20071F499 /* Assets.xcassets */,
				780326EC249A02C20071F499 /* LaunchScreen.storyboard */,
				780326EF249A02C20071F499 /* Info.plist */,
			);
			path = "Covid19-INExamples";
			sourceTree = "<group>";
		};
/* End PBXGroup section */

/* Begin PBXHeadersBuildPhase section */
		780326CB249A02770071F499 /* Headers */ = {
			isa = PBXHeadersBuildPhase;
			buildActionMask = 2147483647;
			files = (
				780326D5249A02770071F499 /* Covid19_IN.h in Headers */,
			);
			runOnlyForDeploymentPostprocessing = 0;
		};
/* End PBXHeadersBuildPhase section */

/* Begin PBXNativeTarget section */
		780326CF249A02770071F499 /* Covid19-IN */ = {
			isa = PBXNativeTarget;
			buildConfigurationList = 780326D8249A02770071F499 /* Build configuration list for PBXNativeTarget "Covid19-IN" */;
			buildPhases = (
				780326CB249A02770071F499 /* Headers */,
				780326CC249A02770071F499 /* Sources */,
				780326CD249A02770071F499 /* Frameworks */,
				780326CE249A02770071F499 /* Resources */,
			);
			buildRules = (
			);
			dependencies = (
			);
			name = "Covid19-IN";
			productName = "Covid19-IN";
			productReference = 780326D0249A02770071F499 /* Covid19_IN.framework */;
			productType = "com.apple.product-type.framework";
		};
		780326DE249A02BE0071F499 /* Covid19-INExamples */ = {
			isa = PBXNativeTarget;
			buildConfigurationList = 780326F0249A02C20071F499 /* Build configuration list for PBXNativeTarget "Covid19-INExamples" */;
			buildPhases = (
				780326DB249A02BE0071F499 /* Sources */,
				780326DC249A02BE0071F499 /* Frameworks */,
				780326DD249A02BE0071F499 /* Resources */,
			);
			buildRules = (
			);
			dependencies = (
			);
			name = "Covid19-INExamples";
			productName = "Covid19-INExamples";
			productReference = 780326DF249A02BE0071F499 /* Covid19-INExamples.app */;
			productType = "com.apple.product-type.application";
		};
/* End PBXNativeTarget section */

/* Begin PBXProject section */
		780326C7249A02770071F499 /* Project object */ = {
			isa = PBXProject;
			attributes = {
				LastSwiftUpdateCheck = 1120;
				LastUpgradeCheck = 1120;
				ORGANIZATIONNAME = UdayBhateja;
				TargetAttributes = {
					780326CF249A02770071F499 = {
						CreatedOnToolsVersion = 11.2.1;
					};
					780326DE249A02BE0071F499 = {
						CreatedOnToolsVersion = 11.2.1;
					};
				};
			};
			buildConfigurationList = 780326CA249A02770071F499 /* Build configuration list for PBXProject "Covid19-IN" */;
			compatibilityVersion = "Xcode 9.3";
			developmentRegion = en;
			hasScannedForEncodings = 0;
			knownRegions = (
				en,
				Base,
			);
			mainGroup = 780326C6249A02770071F499;
			productRefGroup = 780326D1249A02770071F499 /* Products */;
			projectDirPath = "";
			projectRoot = "";
			targets = (
				780326CF249A02770071F499 /* Covid19-IN */,
				780326DE249A02BE0071F499 /* Covid19-INExamples */,
			);
		};
/* End PBXProject section */

/* Begin PBXResourcesBuildPhase section */
		780326CE249A02770071F499 /* Resources */ = {
			isa = PBXResourcesBuildPhase;
			buildActionMask = 2147483647;
			files = (
			);
			runOnlyForDeploymentPostprocessing = 0;
		};
		780326DD249A02BE0071F499 /* Resources */ = {
			isa = PBXResourcesBuildPhase;
			buildActionMask = 2147483647;
			files = (
				780326EE249A02C20071F499 /* LaunchScreen.storyboard in Resources */,
				780326EB249A02C20071F499 /* Assets.xcassets in Resources */,
				780326E9249A02BF0071F499 /* Main.storyboard in Resources */,
			);
			runOnlyForDeploymentPostprocessing = 0;
		};
/* End PBXResourcesBuildPhase section */

/* Begin PBXSourcesBuildPhase section */
		780326CC249A02770071F499 /* Sources */ = {
			isa = PBXSourcesBuildPhase;
			buildActionMask = 2147483647;
			files = (
			);
			runOnlyForDeploymentPostprocessing = 0;
		};
		780326DB249A02BE0071F499 /* Sources */ = {
			isa = PBXSourcesBuildPhase;
			buildActionMask = 2147483647;
			files = (
				780326E6249A02BF0071F499 /* ViewController.swift in Sources */,
				780326E2249A02BF0071F499 /* AppDelegate.swift in Sources */,
				780326E4249A02BF0071F499 /* SceneDelegate.swift in Sources */,
			);
			runOnlyForDeploymentPostprocessing = 0;
		};
/* End PBXSourcesBuildPhase section */

/* Begin PBXVariantGroup section */
		780326E7249A02BF0071F499 /* Main.storyboard */ = {
			isa = PBXVariantGroup;
			children = (
				780326E8249A02BF0071F499 /* Base */,
			);
			name = Main.storyboard;
			sourceTree = "<group>";
		};
		780326EC249A02C20071F499 /* LaunchScreen.storyboard */ = {
			isa = PBXVariantGroup;
			children = (
				780326ED249A02C20071F499 /* Base */,
			);
			name = LaunchScreen.storyboard;
			sourceTree = "<group>";
		};
/* End PBXVariantGroup section */

/* Begin XCBuildConfiguration section */
		780326D6249A02770071F499 /* Debug */ = {
			isa = XCBuildConfiguration;
			buildSettings = {
				ALWAYS_SEARCH_USER_PATHS = NO;
				CLANG_ANALYZER_NONNULL = YES;
				CLANG_ANALYZER_NUMBER_OBJECT_CONVERSION = YES_AGGRESSIVE;
				CLANG_CXX_LANGUAGE_STANDARD = "gnu++14";
				CLANG_CXX_LIBRARY = "libc++";
				CLANG_ENABLE_MODULES = YES;
				CLANG_ENABLE_OBJC_ARC = YES;
				CLANG_ENABLE_OBJC_WEAK = YES;
				CLANG_WARN_BLOCK_CAPTURE_AUTORELEASING = YES;
				CLANG_WARN_BOOL_CONVERSION = YES;
				CLANG_WARN_COMMA = YES;
				CLANG_WARN_CONSTANT_CONVERSION = YES;
				CLANG_WARN_DEPRECATED_OBJC_IMPLEMENTATIONS = YES;
				CLANG_WARN_DIRECT_OBJC_ISA_USAGE = YES_ERROR;
				CLANG_WARN_DOCUMENTATION_COMMENTS = YES;
				CLANG_WARN_EMPTY_BODY = YES;
				CLANG_WARN_ENUM_CONVERSION = YES;
				CLANG_WARN_INFINITE_RECURSION = YES;
				CLANG_WARN_INT_CONVERSION = YES;
				CLANG_WARN_NON_LITERAL_NULL_CONVERSION = YES;
				CLANG_WARN_OBJC_IMPLICIT_RETAIN_SELF = YES;
				CLANG_WARN_OBJC_LITERAL_CONVERSION = YES;
				CLANG_WARN_OBJC_ROOT_CLASS = YES_ERROR;
				CLANG_WARN_RANGE_LOOP_ANALYSIS = YES;
				CLANG_WARN_STRICT_PROTOTYPES = YES;
				CLANG_WARN_SUSPICIOUS_MOVE = YES;
				CLANG_WARN_UNGUARDED_AVAILABILITY = YES_AGGRESSIVE;
				CLANG_WARN_UNREACHABLE_CODE = YES;
				CLANG_WARN__DUPLICATE_METHOD_MATCH = YES;
				COPY_PHASE_STRIP = NO;
				CURRENT_PROJECT_VERSION = 1;
				DEBUG_INFORMATION_FORMAT = dwarf;
				ENABLE_STRICT_OBJC_MSGSEND = YES;
				ENABLE_TESTABILITY = YES;
				GCC_C_LANGUAGE_STANDARD = gnu11;
				GCC_DYNAMIC_NO_PIC = NO;
				GCC_NO_COMMON_BLOCKS = YES;
				GCC_OPTIMIZATION_LEVEL = 0;
				GCC_PREPROCESSOR_DEFINITIONS = (
					"DEBUG=1",
					"$(inherited)",
				);
				GCC_WARN_64_TO_32_BIT_CONVERSION = YES;
				GCC_WARN_ABOUT_RETURN_TYPE = YES_ERROR;
				GCC_WARN_UNDECLARED_SELECTOR = YES;
				GCC_WARN_UNINITIALIZED_AUTOS = YES_AGGRESSIVE;
				GCC_WARN_UNUSED_FUNCTION = YES;
				GCC_WARN_UNUSED_VARIABLE = YES;
				IPHONEOS_DEPLOYMENT_TARGET = 13.2;
				MTL_ENABLE_DEBUG_INFO = INCLUDE_SOURCE;
				MTL_FAST_MATH = YES;
				ONLY_ACTIVE_ARCH = YES;
				SDKROOT = iphoneos;
				SWIFT_ACTIVE_COMPILATION_CONDITIONS = DEBUG;
				SWIFT_OPTIMIZATION_LEVEL = "-Onone";
				VERSIONING_SYSTEM = "apple-generic";
				VERSION_INFO_PREFIX = "";
			};
			name = Debug;
		};
		780326D7249A02770071F499 /* Release */ = {
			isa = XCBuildConfiguration;
			buildSettings = {
				ALWAYS_SEARCH_USER_PATHS = NO;
				CLANG_ANALYZER_NONNULL = YES;
				CLANG_ANALYZER_NUMBER_OBJECT_CONVERSION = YES_AGGRESSIVE;
				CLANG_CXX_LANGUAGE_STANDARD = "gnu++14";
				CLANG_CXX_LIBRARY = "libc++";
				CLANG_ENABLE_MODULES = YES;
				CLANG_ENABLE_OBJC_ARC = YES;
				CLANG_ENABLE_OBJC_WEAK = YES;
				CLANG_WARN_BLOCK_CAPTURE_AUTORELEASING = YES;
				CLANG_WARN_BOOL_CONVERSION = YES;
				CLANG_WARN_COMMA = YES;
				CLANG_WARN_CONSTANT_CONVERSION = YES;
				CLANG_WARN_DEPRECATED_OBJC_IMPLEMENTATIONS = YES;
				CLANG_WARN_DIRECT_OBJC_ISA_USAGE = YES_ERROR;
				CLANG_WARN_DOCUMENTATION_COMMENTS = YES;
				CLANG_WARN_EMPTY_BODY = YES;
				CLANG_WARN_ENUM_CONVERSION = YES;
				CLANG_WARN_INFINITE_RECURSION = YES;
				CLANG_WARN_INT_CONVERSION = YES;
				CLANG_WARN_NON_LITERAL_NULL_CONVERSION = YES;
				CLANG_WARN_OBJC_IMPLICIT_RETAIN_SELF = YES;
				CLANG_WARN_OBJC_LITERAL_CONVERSION = YES;
				CLANG_WARN_OBJC_ROOT_CLASS = YES_ERROR;
				CLANG_WARN_RANGE_LOOP_ANALYSIS = YES;
				CLANG_WARN_STRICT_PROTOTYPES = YES;
				CLANG_WARN_SUSPICIOUS_MOVE = YES;
				CLANG_WARN_UNGUARDED_AVAILABILITY = YES_AGGRESSIVE;
				CLANG_WARN_UNREACHABLE_CODE = YES;
				CLANG_WARN__DUPLICATE_METHOD_MATCH = YES;
				COPY_PHASE_STRIP = NO;
				CURRENT_PROJECT_VERSION = 1;
				DEBUG_INFORMATION_FORMAT = "dwarf-with-dsym";
				ENABLE_NS_ASSERTIONS = NO;
				ENABLE_STRICT_OBJC_MSGSEND = YES;
				GCC_C_LANGUAGE_STANDARD = gnu11;
				GCC_NO_COMMON_BLOCKS = YES;
				GCC_WARN_64_TO_32_BIT_CONVERSION = YES;
				GCC_WARN_ABOUT_RETURN_TYPE = YES_ERROR;
				GCC_WARN_UNDECLARED_SELECTOR = YES;
				GCC_WARN_UNINITIALIZED_AUTOS = YES_AGGRESSIVE;
				GCC_WARN_UNUSED_FUNCTION = YES;
				GCC_WARN_UNUSED_VARIABLE = YES;
				IPHONEOS_DEPLOYMENT_TARGET = 13.2;
				MTL_ENABLE_DEBUG_INFO = NO;
				MTL_FAST_MATH = YES;
				SDKROOT = iphoneos;
				SWIFT_COMPILATION_MODE = wholemodule;
				SWIFT_OPTIMIZATION_LEVEL = "-O";
				VALIDATE_PRODUCT = YES;
				VERSIONING_SYSTEM = "apple-generic";
				VERSION_INFO_PREFIX = "";
			};
			name = Release;
		};
		780326D9249A02770071F499 /* Debug */ = {
			isa = XCBuildConfiguration;
			buildSettings = {
				CODE_SIGN_STYLE = Automatic;
				DEFINES_MODULE = YES;
				DYLIB_COMPATIBILITY_VERSION = 1;
				DYLIB_CURRENT_VERSION = 1;
				DYLIB_INSTALL_NAME_BASE = "@rpath";
				INFOPLIST_FILE = "Covid19-IN/Info.plist";
				INSTALL_PATH = "$(LOCAL_LIBRARY_DIR)/Frameworks";
				LD_RUNPATH_SEARCH_PATHS = (
					"$(inherited)",
					"@executable_path/Frameworks",
					"@loader_path/Frameworks",
				);
				PRODUCT_BUNDLE_IDENTIFIER = "UdayBhateja.Covid19-IN";
				PRODUCT_NAME = "$(TARGET_NAME:c99extidentifier)";
				SKIP_INSTALL = YES;
				SWIFT_VERSION = 5.0;
				TARGETED_DEVICE_FAMILY = "1,2";
			};
			name = Debug;
		};
		780326DA249A02770071F499 /* Release */ = {
			isa = XCBuildConfiguration;
			buildSettings = {
				CODE_SIGN_STYLE = Automatic;
				DEFINES_MODULE = YES;
				DYLIB_COMPATIBILITY_VERSION = 1;
				DYLIB_CURRENT_VERSION = 1;
				DYLIB_INSTALL_NAME_BASE = "@rpath";
				INFOPLIST_FILE = "Covid19-IN/Info.plist";
				INSTALL_PATH = "$(LOCAL_LIBRARY_DIR)/Frameworks";
				LD_RUNPATH_SEARCH_PATHS = (
					"$(inherited)",
					"@executable_path/Frameworks",
					"@loader_path/Frameworks",
				);
				PRODUCT_BUNDLE_IDENTIFIER = "UdayBhateja.Covid19-IN";
				PRODUCT_NAME = "$(TARGET_NAME:c99extidentifier)";
				SKIP_INSTALL = YES;
				SWIFT_VERSION = 5.0;
				TARGETED_DEVICE_FAMILY = "1,2";
			};
			name = Release;
		};
		780326F1249A02C20071F499 /* Debug */ = {
			isa = XCBuildConfiguration;
			buildSettings = {
				ASSETCATALOG_COMPILER_APPICON_NAME = AppIcon;
				CODE_SIGN_STYLE = Automatic;
				INFOPLIST_FILE = "Covid19-INExamples/Info.plist";
				LD_RUNPATH_SEARCH_PATHS = (
					"$(inherited)",
					"@executable_path/Frameworks",
				);
				PRODUCT_BUNDLE_IDENTIFIER = "UdayBhateja.Covid19-INExamples";
				PRODUCT_NAME = "$(TARGET_NAME)";
				SWIFT_VERSION = 5.0;
				TARGETED_DEVICE_FAMILY = "1,2";
			};
			name = Debug;
		};
		780326F2249A02C20071F499 /* Release */ = {
			isa = XCBuildConfiguration;
			buildSettings = {
				ASSETCATALOG_COMPILER_APPICON_NAME = AppIcon;
				CODE_SIGN_STYLE = Automatic;
				INFOPLIST_FILE = "Covid19-INExamples/Info.plist";
				LD_RUNPATH_SEARCH_PATHS = (
					"$(inherited)",
					"@executable_path/Frameworks",
				);
				PRODUCT_BUNDLE_IDENTIFIER = "UdayBhateja.Covid19-INExamples";
				PRODUCT_NAME = "$(TARGET_NAME)";
				SWIFT_VERSION = 5.0;
				TARGETED_DEVICE_FAMILY = "1,2";
			};
			name = Release;
		};
/* End XCBuildConfiguration section */

/* Begin XCConfigurationList section */
		780326CA249A02770071F499 /* Build configuration list for PBXProject "Covid19-IN" */ = {
			isa = XCConfigurationList;
			buildConfigurations = (
				780326D6249A02770071F499 /* Debug */,
				780326D7249A02770071F499 /* Release */,
			);
			defaultConfigurationIsVisible = 0;
			defaultConfigurationName = Release;
		};
		780326D8249A02770071F499 /* Build configuration list for PBXNativeTarget "Covid19-IN" */ = {
			isa = XCConfigurationList;
			buildConfigurations = (
				780326D9249A02770071F499 /* Debug */,
				780326DA249A02770071F499 /* Release */,
			);
			defaultConfigurationIsVisible = 0;
			defaultConfigurationName = Release;
		};
		780326F0249A02C20071F499 /* Build configuration list for PBXNativeTarget "Covid19-INExamples" */ = {
			isa = XCConfigurationList;
			buildConfigurations = (
				780326F1249A02C20071F499 /* Debug */,
				780326F2249A02C20071F499 /* Release */,
			);
			defaultConfigurationIsVisible = 0;
			defaultConfigurationName = Release;
		};
/* End XCConfigurationList section */
	};
	rootObject = 780326C7249A02770071F499 /* Project object */;
}
